// !$*UTF8*$!
{
	archiveVersion = 1;
	classes = {
	};
	objectVersion = 46;
	objects = {

/* Begin PBXBuildFile section */
		4F554A3FCC7B45F4979B3CC3 /* libPods.a in Frameworks */ = {isa = PBXBuildFile; fileRef = CF8D2195DD3B4677ADDEB829 /* libPods.a */; };
		4F5E157819F8718A000D1567 /* _Company.m in Sources */ = {isa = PBXBuildFile; fileRef = 4F5E156019F8718A000D1567 /* _Company.m */; };
		4F5E157919F8718A000D1567 /* _KeyDetail.m in Sources */ = {isa = PBXBuildFile; fileRef = 4F5E156219F8718A000D1567 /* _KeyDetail.m */; };
		4F5E157A19F8718A000D1567 /* _Product.m in Sources */ = {isa = PBXBuildFile; fileRef = 4F5E156419F8718A000D1567 /* _Product.m */; };
		4F5E157B19F8718A000D1567 /* _ProductDetail.m in Sources */ = {isa = PBXBuildFile; fileRef = 4F5E156619F8718A000D1567 /* _ProductDetail.m */; };
		4F5E157C19F8718A000D1567 /* _Review.m in Sources */ = {isa = PBXBuildFile; fileRef = 4F5E156819F8718A000D1567 /* _Review.m */; };
		4F5E157D19F8718A000D1567 /* _Submission.m in Sources */ = {isa = PBXBuildFile; fileRef = 4F5E156A19F8718A000D1567 /* _Submission.m */; };
		4F5E157F19F8718A000D1567 /* Company.m in Sources */ = {isa = PBXBuildFile; fileRef = 4F5E156D19F8718A000D1567 /* Company.m */; };
		4F5E158019F8718A000D1567 /* KeyDetail.m in Sources */ = {isa = PBXBuildFile; fileRef = 4F5E156F19F8718A000D1567 /* KeyDetail.m */; };
		4F5E158119F8718A000D1567 /* Product.m in Sources */ = {isa = PBXBuildFile; fileRef = 4F5E157119F8718A000D1567 /* Product.m */; };
		4F5E158219F8718A000D1567 /* ProductDetail.m in Sources */ = {isa = PBXBuildFile; fileRef = 4F5E157319F8718A000D1567 /* ProductDetail.m */; };
		4F5E158319F8718A000D1567 /* Review.m in Sources */ = {isa = PBXBuildFile; fileRef = 4F5E157519F8718A000D1567 /* Review.m */; };
		4F5E158419F8718A000D1567 /* Submission.m in Sources */ = {isa = PBXBuildFile; fileRef = 4F5E157719F8718A000D1567 /* Submission.m */; };
		4F812B9E19F0AC380090B044 /* main.m in Sources */ = {isa = PBXBuildFile; fileRef = 4F812B9D19F0AC380090B044 /* main.m */; };
		4F812BA119F0AC380090B044 /* AppDelegate.m in Sources */ = {isa = PBXBuildFile; fileRef = 4F812BA019F0AC380090B044 /* AppDelegate.m */; };
		4F812BA719F0AC380090B044 /* InitialViewController.m in Sources */ = {isa = PBXBuildFile; fileRef = 4F812BA619F0AC380090B044 /* InitialViewController.m */; };
		4F812BAA19F0AC380090B044 /* Main.storyboard in Resources */ = {isa = PBXBuildFile; fileRef = 4F812BA819F0AC380090B044 /* Main.storyboard */; };
		4F812BAC19F0AC380090B044 /* Images.xcassets in Resources */ = {isa = PBXBuildFile; fileRef = 4F812BAB19F0AC380090B044 /* Images.xcassets */; };
		4F812BAF19F0AC380090B044 /* LaunchScreen.xib in Resources */ = {isa = PBXBuildFile; fileRef = 4F812BAD19F0AC380090B044 /* LaunchScreen.xib */; };
		4F812BBB19F0AC380090B044 /* SaviTests.m in Sources */ = {isa = PBXBuildFile; fileRef = 4F812BBA19F0AC380090B044 /* SaviTests.m */; };
		4F952ED319F729E800ED4D8F /* Utility.m in Sources */ = {isa = PBXBuildFile; fileRef = 4F952ED219F729E800ED4D8F /* Utility.m */; };
		8D60407A19F6FD7500D1CC41 /* DTCustomColoredAccessory.m in Sources */ = {isa = PBXBuildFile; fileRef = 8D60407919F6FD7500D1CC41 /* DTCustomColoredAccessory.m */; };
		8D620D2E19F631AD000112CD /* MenuViewController.m in Sources */ = {isa = PBXBuildFile; fileRef = 8D620D2D19F631AD000112CD /* MenuViewController.m */; };
		8D620D3519F64198000112CD /* SubmissionViewController.m in Sources */ = {isa = PBXBuildFile; fileRef = 8D620D3419F64198000112CD /* SubmissionViewController.m */; };
		8D620D3819F648B5000112CD /* DetailViewController.m in Sources */ = {isa = PBXBuildFile; fileRef = 8D620D3719F648B5000112CD /* DetailViewController.m */; };
		8D7997B319F1981600BCF731 /* Savi.xcdatamodeld in Sources */ = {isa = PBXBuildFile; fileRef = 8D7997B119F1981600BCF731 /* Savi.xcdatamodeld */; };
		8D7997B619F1984700BCF731 /* SaviDataModel.m in Sources */ = {isa = PBXBuildFile; fileRef = 8D7997B519F1984700BCF731 /* SaviDataModel.m */; };
		8D7997B819F1987F00BCF731 /* CoreData.framework in Frameworks */ = {isa = PBXBuildFile; fileRef = 8D7997B719F1987F00BCF731 /* CoreData.framework */; };
		8D7997E619F46D8C00BCF731 /* ProductViewController.m in Sources */ = {isa = PBXBuildFile; fileRef = 8D7997E519F46D8C00BCF731 /* ProductViewController.m */; };
		8D7997F019F4783E00BCF731 /* WebService.m in Sources */ = {isa = PBXBuildFile; fileRef = 8D7997EF19F4783E00BCF731 /* WebService.m */; };
		8D7997F319F47FAC00BCF731 /* CompanyCell.m in Sources */ = {isa = PBXBuildFile; fileRef = 8D7997F219F47FAC00BCF731 /* CompanyCell.m */; };
		8D7997F619F4A00A00BCF731 /* ProductCell.m in Sources */ = {isa = PBXBuildFile; fileRef = 8D7997F519F4A00A00BCF731 /* ProductCell.m */; };
		8DBD215019F94D4F001C403E /* ReviewViewController.m in Sources */ = {isa = PBXBuildFile; fileRef = 8DBD214F19F94D4F001C403E /* ReviewViewController.m */; };
/* End PBXBuildFile section */

/* Begin PBXContainerItemProxy section */
		4F812BB519F0AC380090B044 /* PBXContainerItemProxy */ = {
			isa = PBXContainerItemProxy;
			containerPortal = 4F812B9019F0AC380090B044 /* Project object */;
			proxyType = 1;
			remoteGlobalIDString = 4F812B9719F0AC380090B044;
			remoteInfo = Savi;
		};
/* End PBXContainerItemProxy section */

/* Begin PBXFileReference section */
		3578BB49B361EEB43DBF2819 /* Pods.release.xcconfig */ = {isa = PBXFileReference; includeInIndex = 1; lastKnownFileType = text.xcconfig; name = Pods.release.xcconfig; path = "Pods/Target Support Files/Pods/Pods.release.xcconfig"; sourceTree = "<group>"; };
		4F5E155F19F8718A000D1567 /* _Company.h */ = {isa = PBXFileReference; fileEncoding = 4; lastKnownFileType = sourcecode.c.h; path = _Company.h; sourceTree = "<group>"; };
		4F5E156019F8718A000D1567 /* _Company.m */ = {isa = PBXFileReference; fileEncoding = 4; lastKnownFileType = sourcecode.c.objc; path = _Company.m; sourceTree = "<group>"; };
		4F5E156119F8718A000D1567 /* _KeyDetail.h */ = {isa = PBXFileReference; fileEncoding = 4; lastKnownFileType = sourcecode.c.h; path = _KeyDetail.h; sourceTree = "<group>"; };
		4F5E156219F8718A000D1567 /* _KeyDetail.m */ = {isa = PBXFileReference; fileEncoding = 4; lastKnownFileType = sourcecode.c.objc; path = _KeyDetail.m; sourceTree = "<group>"; };
		4F5E156319F8718A000D1567 /* _Product.h */ = {isa = PBXFileReference; fileEncoding = 4; lastKnownFileType = sourcecode.c.h; path = _Product.h; sourceTree = "<group>"; };
		4F5E156419F8718A000D1567 /* _Product.m */ = {isa = PBXFileReference; fileEncoding = 4; lastKnownFileType = sourcecode.c.objc; path = _Product.m; sourceTree = "<group>"; };
		4F5E156519F8718A000D1567 /* _ProductDetail.h */ = {isa = PBXFileReference; fileEncoding = 4; lastKnownFileType = sourcecode.c.h; path = _ProductDetail.h; sourceTree = "<group>"; };
		4F5E156619F8718A000D1567 /* _ProductDetail.m */ = {isa = PBXFileReference; fileEncoding = 4; lastKnownFileType = sourcecode.c.objc; path = _ProductDetail.m; sourceTree = "<group>"; };
		4F5E156719F8718A000D1567 /* _Review.h */ = {isa = PBXFileReference; fileEncoding = 4; lastKnownFileType = sourcecode.c.h; path = _Review.h; sourceTree = "<group>"; };
		4F5E156819F8718A000D1567 /* _Review.m */ = {isa = PBXFileReference; fileEncoding = 4; lastKnownFileType = sourcecode.c.objc; path = _Review.m; sourceTree = "<group>"; };
		4F5E156919F8718A000D1567 /* _Submission.h */ = {isa = PBXFileReference; fileEncoding = 4; lastKnownFileType = sourcecode.c.h; path = _Submission.h; sourceTree = "<group>"; };
		4F5E156A19F8718A000D1567 /* _Submission.m */ = {isa = PBXFileReference; fileEncoding = 4; lastKnownFileType = sourcecode.c.objc; path = _Submission.m; sourceTree = "<group>"; };
		4F5E156C19F8718A000D1567 /* Company.h */ = {isa = PBXFileReference; fileEncoding = 4; lastKnownFileType = sourcecode.c.h; path = Company.h; sourceTree = "<group>"; };
		4F5E156D19F8718A000D1567 /* Company.m */ = {isa = PBXFileReference; fileEncoding = 4; lastKnownFileType = sourcecode.c.objc; path = Company.m; sourceTree = "<group>"; };
		4F5E156E19F8718A000D1567 /* KeyDetail.h */ = {isa = PBXFileReference; fileEncoding = 4; lastKnownFileType = sourcecode.c.h; path = KeyDetail.h; sourceTree = "<group>"; };
		4F5E156F19F8718A000D1567 /* KeyDetail.m */ = {isa = PBXFileReference; fileEncoding = 4; lastKnownFileType = sourcecode.c.objc; path = KeyDetail.m; sourceTree = "<group>"; };
		4F5E157019F8718A000D1567 /* Product.h */ = {isa = PBXFileReference; fileEncoding = 4; lastKnownFileType = sourcecode.c.h; path = Product.h; sourceTree = "<group>"; };
		4F5E157119F8718A000D1567 /* Product.m */ = {isa = PBXFileReference; fileEncoding = 4; lastKnownFileType = sourcecode.c.objc; path = Product.m; sourceTree = "<group>"; };
		4F5E157219F8718A000D1567 /* ProductDetail.h */ = {isa = PBXFileReference; fileEncoding = 4; lastKnownFileType = sourcecode.c.h; path = ProductDetail.h; sourceTree = "<group>"; };
		4F5E157319F8718A000D1567 /* ProductDetail.m */ = {isa = PBXFileReference; fileEncoding = 4; lastKnownFileType = sourcecode.c.objc; path = ProductDetail.m; sourceTree = "<group>"; };
		4F5E157419F8718A000D1567 /* Review.h */ = {isa = PBXFileReference; fileEncoding = 4; lastKnownFileType = sourcecode.c.h; path = Review.h; sourceTree = "<group>"; };
		4F5E157519F8718A000D1567 /* Review.m */ = {isa = PBXFileReference; fileEncoding = 4; lastKnownFileType = sourcecode.c.objc; path = Review.m; sourceTree = "<group>"; };
		4F5E157619F8718A000D1567 /* Submission.h */ = {isa = PBXFileReference; fileEncoding = 4; lastKnownFileType = sourcecode.c.h; path = Submission.h; sourceTree = "<group>"; };
		4F5E157719F8718A000D1567 /* Submission.m */ = {isa = PBXFileReference; fileEncoding = 4; lastKnownFileType = sourcecode.c.objc; path = Submission.m; sourceTree = "<group>"; };
		4F812B9819F0AC380090B044 /* Savi.app */ = {isa = PBXFileReference; explicitFileType = wrapper.application; includeInIndex = 0; path = Savi.app; sourceTree = BUILT_PRODUCTS_DIR; };
		4F812B9C19F0AC380090B044 /* Info.plist */ = {isa = PBXFileReference; lastKnownFileType = text.plist.xml; path = Info.plist; sourceTree = "<group>"; };
		4F812B9D19F0AC380090B044 /* main.m */ = {isa = PBXFileReference; lastKnownFileType = sourcecode.c.objc; path = main.m; sourceTree = "<group>"; };
		4F812B9F19F0AC380090B044 /* AppDelegate.h */ = {isa = PBXFileReference; lastKnownFileType = sourcecode.c.h; path = AppDelegate.h; sourceTree = "<group>"; };
		4F812BA019F0AC380090B044 /* AppDelegate.m */ = {isa = PBXFileReference; lastKnownFileType = sourcecode.c.objc; path = AppDelegate.m; sourceTree = "<group>"; };
		4F812BA519F0AC380090B044 /* InitialViewController.h */ = {isa = PBXFileReference; lastKnownFileType = sourcecode.c.h; name = InitialViewController.h; path = "View Controllers/InitialViewController.h"; sourceTree = "<group>"; };
		4F812BA619F0AC380090B044 /* InitialViewController.m */ = {isa = PBXFileReference; lastKnownFileType = sourcecode.c.objc; name = InitialViewController.m; path = "View Controllers/InitialViewController.m"; sourceTree = "<group>"; };
		4F812BA919F0AC380090B044 /* Base */ = {isa = PBXFileReference; lastKnownFileType = file.storyboard; name = Base; path = Base.lproj/Main.storyboard; sourceTree = "<group>"; };
		4F812BAB19F0AC380090B044 /* Images.xcassets */ = {isa = PBXFileReference; lastKnownFileType = folder.assetcatalog; path = Images.xcassets; sourceTree = "<group>"; };
		4F812BAE19F0AC380090B044 /* Base */ = {isa = PBXFileReference; lastKnownFileType = file.xib; name = Base; path = Base.lproj/LaunchScreen.xib; sourceTree = "<group>"; };
		4F812BB419F0AC380090B044 /* SaviTests.xctest */ = {isa = PBXFileReference; explicitFileType = wrapper.cfbundle; includeInIndex = 0; path = SaviTests.xctest; sourceTree = BUILT_PRODUCTS_DIR; };
		4F812BB919F0AC380090B044 /* Info.plist */ = {isa = PBXFileReference; lastKnownFileType = text.plist.xml; path = Info.plist; sourceTree = "<group>"; };
		4F812BBA19F0AC380090B044 /* SaviTests.m */ = {isa = PBXFileReference; lastKnownFileType = sourcecode.c.objc; path = SaviTests.m; sourceTree = "<group>"; };
		4F952ED019F729E800ED4D8F /* TypeDefs.h */ = {isa = PBXFileReference; fileEncoding = 4; lastKnownFileType = sourcecode.c.h; path = TypeDefs.h; sourceTree = "<group>"; };
		4F952ED119F729E800ED4D8F /* Utility.h */ = {isa = PBXFileReference; fileEncoding = 4; lastKnownFileType = sourcecode.c.h; path = Utility.h; sourceTree = "<group>"; };
		4F952ED219F729E800ED4D8F /* Utility.m */ = {isa = PBXFileReference; fileEncoding = 4; lastKnownFileType = sourcecode.c.objc; path = Utility.m; sourceTree = "<group>"; };
		8D60407819F6FD7500D1CC41 /* DTCustomColoredAccessory.h */ = {isa = PBXFileReference; fileEncoding = 4; lastKnownFileType = sourcecode.c.h; path = DTCustomColoredAccessory.h; sourceTree = "<group>"; };
		8D60407919F6FD7500D1CC41 /* DTCustomColoredAccessory.m */ = {isa = PBXFileReference; fileEncoding = 4; lastKnownFileType = sourcecode.c.objc; path = DTCustomColoredAccessory.m; sourceTree = "<group>"; };
		8D620D2C19F631AD000112CD /* MenuViewController.h */ = {isa = PBXFileReference; fileEncoding = 4; lastKnownFileType = sourcecode.c.h; name = MenuViewController.h; path = "View Controllers/MenuViewController.h"; sourceTree = "<group>"; };
		8D620D2D19F631AD000112CD /* MenuViewController.m */ = {isa = PBXFileReference; fileEncoding = 4; lastKnownFileType = sourcecode.c.objc; name = MenuViewController.m; path = "View Controllers/MenuViewController.m"; sourceTree = "<group>"; };
		8D620D3019F63348000112CD /* ReviewViewController.h */ = {isa = PBXFileReference; fileEncoding = 4; lastKnownFileType = sourcecode.c.h; name = ReviewViewController.h; path = "View Controllers/ReviewViewController.h"; sourceTree = "<group>"; };
		8D620D3319F64198000112CD /* SubmissionViewController.h */ = {isa = PBXFileReference; fileEncoding = 4; lastKnownFileType = sourcecode.c.h; name = SubmissionViewController.h; path = "View Controllers/SubmissionViewController.h"; sourceTree = "<group>"; };
		8D620D3419F64198000112CD /* SubmissionViewController.m */ = {isa = PBXFileReference; fileEncoding = 4; lastKnownFileType = sourcecode.c.objc; name = SubmissionViewController.m; path = "View Controllers/SubmissionViewController.m"; sourceTree = "<group>"; };
		8D620D3619F648B5000112CD /* DetailViewController.h */ = {isa = PBXFileReference; fileEncoding = 4; lastKnownFileType = sourcecode.c.h; name = DetailViewController.h; path = "View Controllers/DetailViewController.h"; sourceTree = "<group>"; };
		8D620D3719F648B5000112CD /* DetailViewController.m */ = {isa = PBXFileReference; fileEncoding = 4; lastKnownFileType = sourcecode.c.objc; name = DetailViewController.m; path = "View Controllers/DetailViewController.m"; sourceTree = "<group>"; };
		8D7997B219F1981600BCF731 /* Savi.xcdatamodel */ = {isa = PBXFileReference; lastKnownFileType = wrapper.xcdatamodel; path = Savi.xcdatamodel; sourceTree = "<group>"; };
		8D7997B419F1984700BCF731 /* SaviDataModel.h */ = {isa = PBXFileReference; fileEncoding = 4; lastKnownFileType = sourcecode.c.h; path = SaviDataModel.h; sourceTree = "<group>"; };
		8D7997B519F1984700BCF731 /* SaviDataModel.m */ = {isa = PBXFileReference; fileEncoding = 4; lastKnownFileType = sourcecode.c.objc; path = SaviDataModel.m; sourceTree = "<group>"; };
		8D7997B719F1987F00BCF731 /* CoreData.framework */ = {isa = PBXFileReference; lastKnownFileType = wrapper.framework; name = CoreData.framework; path = System/Library/Frameworks/CoreData.framework; sourceTree = SDKROOT; };
		8D7997E419F46D8C00BCF731 /* ProductViewController.h */ = {isa = PBXFileReference; fileEncoding = 4; lastKnownFileType = sourcecode.c.h; name = ProductViewController.h; path = "View Controllers/ProductViewController.h"; sourceTree = "<group>"; };
		8D7997E519F46D8C00BCF731 /* ProductViewController.m */ = {isa = PBXFileReference; fileEncoding = 4; lastKnownFileType = sourcecode.c.objc; name = ProductViewController.m; path = "View Controllers/ProductViewController.m"; sourceTree = "<group>"; };
		8D7997EE19F4783E00BCF731 /* WebService.h */ = {isa = PBXFileReference; fileEncoding = 4; lastKnownFileType = sourcecode.c.h; path = WebService.h; sourceTree = "<group>"; };
		8D7997EF19F4783E00BCF731 /* WebService.m */ = {isa = PBXFileReference; fileEncoding = 4; lastKnownFileType = sourcecode.c.objc; path = WebService.m; sourceTree = "<group>"; };
		8D7997F119F47FAC00BCF731 /* CompanyCell.h */ = {isa = PBXFileReference; fileEncoding = 4; lastKnownFileType = sourcecode.c.h; name = CompanyCell.h; path = "View Controllers/CompanyCell.h"; sourceTree = "<group>"; };
		8D7997F219F47FAC00BCF731 /* CompanyCell.m */ = {isa = PBXFileReference; fileEncoding = 4; lastKnownFileType = sourcecode.c.objc; name = CompanyCell.m; path = "View Controllers/CompanyCell.m"; sourceTree = "<group>"; };
		8D7997F419F4A00A00BCF731 /* ProductCell.h */ = {isa = PBXFileReference; fileEncoding = 4; lastKnownFileType = sourcecode.c.h; name = ProductCell.h; path = "View Controllers/ProductCell.h"; sourceTree = "<group>"; };
		8D7997F519F4A00A00BCF731 /* ProductCell.m */ = {isa = PBXFileReference; fileEncoding = 4; lastKnownFileType = sourcecode.c.objc; name = ProductCell.m; path = "View Controllers/ProductCell.m"; sourceTree = "<group>"; };
		8DBD214F19F94D4F001C403E /* ReviewViewController.m */ = {isa = PBXFileReference; fileEncoding = 4; lastKnownFileType = sourcecode.c.objc; name = ReviewViewController.m; path = "View Controllers/ReviewViewController.m"; sourceTree = "<group>"; };
		A8F2FD43F31B10B27B3F880A /* Pods.debug.xcconfig */ = {isa = PBXFileReference; includeInIndex = 1; lastKnownFileType = text.xcconfig; name = Pods.debug.xcconfig; path = "Pods/Target Support Files/Pods/Pods.debug.xcconfig"; sourceTree = "<group>"; };
		CF8D2195DD3B4677ADDEB829 /* libPods.a */ = {isa = PBXFileReference; explicitFileType = archive.ar; includeInIndex = 0; path = libPods.a; sourceTree = BUILT_PRODUCTS_DIR; };
/* End PBXFileReference section */

/* Begin PBXFrameworksBuildPhase section */
		4F812B9519F0AC380090B044 /* Frameworks */ = {
			isa = PBXFrameworksBuildPhase;
			buildActionMask = 2147483647;
			files = (
				8D7997B819F1987F00BCF731 /* CoreData.framework in Frameworks */,
				4F554A3FCC7B45F4979B3CC3 /* libPods.a in Frameworks */,
			);
			runOnlyForDeploymentPostprocessing = 0;
		};
		4F812BB119F0AC380090B044 /* Frameworks */ = {
			isa = PBXFrameworksBuildPhase;
			buildActionMask = 2147483647;
			files = (
			);
			runOnlyForDeploymentPostprocessing = 0;
		};
/* End PBXFrameworksBuildPhase section */

/* Begin PBXGroup section */
		2F182CA477244A879E428A1E /* Frameworks */ = {
			isa = PBXGroup;
			children = (
				8D7997B719F1987F00BCF731 /* CoreData.framework */,
				CF8D2195DD3B4677ADDEB829 /* libPods.a */,
			);
			name = Frameworks;
			sourceTree = "<group>";
		};
		4F812B8F19F0AC380090B044 = {
			isa = PBXGroup;
			children = (
				4F812B9A19F0AC380090B044 /* Savi */,
				4F812BB719F0AC380090B044 /* SaviTests */,
				4F812B9919F0AC380090B044 /* Products */,
				2F182CA477244A879E428A1E /* Frameworks */,
				6BAE8120D64B12EC3EF8E246 /* Pods */,
			);
			sourceTree = "<group>";
		};
		4F812B9919F0AC380090B044 /* Products */ = {
			isa = PBXGroup;
			children = (
				4F812B9819F0AC380090B044 /* Savi.app */,
				4F812BB419F0AC380090B044 /* SaviTests.xctest */,
			);
			name = Products;
			sourceTree = "<group>";
		};
		4F812B9A19F0AC380090B044 /* Savi */ = {
			isa = PBXGroup;
			children = (
				4F812B9F19F0AC380090B044 /* AppDelegate.h */,
				4F812BA019F0AC380090B044 /* AppDelegate.m */,
				4F812BA819F0AC380090B044 /* Main.storyboard */,
				4F812BAD19F0AC380090B044 /* LaunchScreen.xib */,
				4F812BAB19F0AC380090B044 /* Images.xcassets */,
				4F952ECF19F729E800ED4D8F /* Utilities */,
				8D60407619F6FD7500D1CC41 /* Vendor */,
				8D7997ED19F4782B00BCF731 /* Backend */,
				8D7997B019F197E000BCF731 /* Core Data */,
				4FD48F4819F58F9000FDA657 /* View Controllers */,
				4F812B9B19F0AC380090B044 /* Supporting Files */,
			);
			path = Savi;
			sourceTree = "<group>";
		};
		4F812B9B19F0AC380090B044 /* Supporting Files */ = {
			isa = PBXGroup;
			children = (
				4F812B9C19F0AC380090B044 /* Info.plist */,
				4F812B9D19F0AC380090B044 /* main.m */,
			);
			name = "Supporting Files";
			sourceTree = "<group>";
		};
		4F812BB719F0AC380090B044 /* SaviTests */ = {
			isa = PBXGroup;
			children = (
				4F812BBA19F0AC380090B044 /* SaviTests.m */,
				4F812BB819F0AC380090B044 /* Supporting Files */,
			);
			path = SaviTests;
			sourceTree = "<group>";
		};
		4F812BB819F0AC380090B044 /* Supporting Files */ = {
			isa = PBXGroup;
			children = (
				4F812BB919F0AC380090B044 /* Info.plist */,
			);
			name = "Supporting Files";
			sourceTree = "<group>";
		};
		4F952ECF19F729E800ED4D8F /* Utilities */ = {
			isa = PBXGroup;
			children = (
				4F952ED019F729E800ED4D8F /* TypeDefs.h */,
				4F952ED119F729E800ED4D8F /* Utility.h */,
				4F952ED219F729E800ED4D8F /* Utility.m */,
			);
			path = Utilities;
			sourceTree = "<group>";
		};
		4FD48F4819F58F9000FDA657 /* View Controllers */ = {
			isa = PBXGroup;
			children = (
				4F812BA519F0AC380090B044 /* InitialViewController.h */,
				4F812BA619F0AC380090B044 /* InitialViewController.m */,
				8D620D3019F63348000112CD /* ReviewViewController.h */,
				8DBD214F19F94D4F001C403E /* ReviewViewController.m */,
				8D620D3319F64198000112CD /* SubmissionViewController.h */,
				8D620D3419F64198000112CD /* SubmissionViewController.m */,
				8D620D3619F648B5000112CD /* DetailViewController.h */,
				8D620D3719F648B5000112CD /* DetailViewController.m */,
				8D620D2F19F63311000112CD /* Product */,
				8D620D2B19F63141000112CD /* Menu */,
			);
			name = "View Controllers";
			sourceTree = "<group>";
		};
		6BAE8120D64B12EC3EF8E246 /* Pods */ = {
			isa = PBXGroup;
			children = (
				A8F2FD43F31B10B27B3F880A /* Pods.debug.xcconfig */,
				3578BB49B361EEB43DBF2819 /* Pods.release.xcconfig */,
			);
			name = Pods;
			sourceTree = "<group>";
		};
		8D60407619F6FD7500D1CC41 /* Vendor */ = {
			isa = PBXGroup;
			children = (
				8D60407719F6FD7500D1CC41 /* DTCustomColoredAccessory */,
			);
			path = Vendor;
			sourceTree = "<group>";
		};
		8D60407719F6FD7500D1CC41 /* DTCustomColoredAccessory */ = {
			isa = PBXGroup;
			children = (
				8D60407819F6FD7500D1CC41 /* DTCustomColoredAccessory.h */,
				8D60407919F6FD7500D1CC41 /* DTCustomColoredAccessory.m */,
			);
			path = DTCustomColoredAccessory;
			sourceTree = "<group>";
		};
		8D620D2B19F63141000112CD /* Menu */ = {
			isa = PBXGroup;
			children = (
				8D620D2C19F631AD000112CD /* MenuViewController.h */,
				8D620D2D19F631AD000112CD /* MenuViewController.m */,
			);
			name = Menu;
			sourceTree = "<group>";
		};
		8D620D2F19F63311000112CD /* Product */ = {
			isa = PBXGroup;
			children = (
				8D7997E419F46D8C00BCF731 /* ProductViewController.h */,
				8D7997E519F46D8C00BCF731 /* ProductViewController.m */,
				8D7997F419F4A00A00BCF731 /* ProductCell.h */,
				8D7997F519F4A00A00BCF731 /* ProductCell.m */,
				8D7997F119F47FAC00BCF731 /* CompanyCell.h */,
				8D7997F219F47FAC00BCF731 /* CompanyCell.m */,
			);
			name = Product;
			sourceTree = "<group>";
		};
		8D7997B019F197E000BCF731 /* Core Data */ = {
			isa = PBXGroup;
			children = (
				8D7997B119F1981600BCF731 /* Savi.xcdatamodeld */,
				8D7997B419F1984700BCF731 /* SaviDataModel.h */,
				8D7997B519F1984700BCF731 /* SaviDataModel.m */,
				4F5E155F19F8718A000D1567 /* _Company.h */,
				4F5E156019F8718A000D1567 /* _Company.m */,
				4F5E156119F8718A000D1567 /* _KeyDetail.h */,
				4F5E156219F8718A000D1567 /* _KeyDetail.m */,
				4F5E156319F8718A000D1567 /* _Product.h */,
				4F5E156419F8718A000D1567 /* _Product.m */,
				4F5E156519F8718A000D1567 /* _ProductDetail.h */,
				4F5E156619F8718A000D1567 /* _ProductDetail.m */,
				4F5E156719F8718A000D1567 /* _Review.h */,
				4F5E156819F8718A000D1567 /* _Review.m */,
				4F5E156919F8718A000D1567 /* _Submission.h */,
				4F5E156A19F8718A000D1567 /* _Submission.m */,
				4F5E156C19F8718A000D1567 /* Company.h */,
				4F5E156D19F8718A000D1567 /* Company.m */,
				4F5E156E19F8718A000D1567 /* KeyDetail.h */,
				4F5E156F19F8718A000D1567 /* KeyDetail.m */,
				4F5E157019F8718A000D1567 /* Product.h */,
				4F5E157119F8718A000D1567 /* Product.m */,
				4F5E157219F8718A000D1567 /* ProductDetail.h */,
				4F5E157319F8718A000D1567 /* ProductDetail.m */,
				4F5E157419F8718A000D1567 /* Review.h */,
				4F5E157519F8718A000D1567 /* Review.m */,
				4F5E157619F8718A000D1567 /* Submission.h */,
				4F5E157719F8718A000D1567 /* Submission.m */,
			);
			path = "Core Data";
			sourceTree = "<group>";
		};
		8D7997ED19F4782B00BCF731 /* Backend */ = {
			isa = PBXGroup;
			children = (
				8D7997EE19F4783E00BCF731 /* WebService.h */,
				8D7997EF19F4783E00BCF731 /* WebService.m */,
			);
			path = Backend;
			sourceTree = "<group>";
		};
/* End PBXGroup section */

/* Begin PBXNativeTarget section */
		4F812B9719F0AC380090B044 /* Savi */ = {
			isa = PBXNativeTarget;
			buildConfigurationList = 4F812BBE19F0AC380090B044 /* Build configuration list for PBXNativeTarget "Savi" */;
			buildPhases = (
				542B74CB18AD4ED28A1A9588 /* Check Pods Manifest.lock */,
				4F812B9419F0AC380090B044 /* Sources */,
				4F812B9519F0AC380090B044 /* Frameworks */,
				4F812B9619F0AC380090B044 /* Resources */,
				D5C3B877E9B04403A03D90DD /* Copy Pods Resources */,
			);
			buildRules = (
			);
			dependencies = (
			);
			name = Savi;
			productName = Savi;
			productReference = 4F812B9819F0AC380090B044 /* Savi.app */;
			productType = "com.apple.product-type.application";
		};
		4F812BB319F0AC380090B044 /* SaviTests */ = {
			isa = PBXNativeTarget;
			buildConfigurationList = 4F812BC119F0AC380090B044 /* Build configuration list for PBXNativeTarget "SaviTests" */;
			buildPhases = (
				4F812BB019F0AC380090B044 /* Sources */,
				4F812BB119F0AC380090B044 /* Frameworks */,
				4F812BB219F0AC380090B044 /* Resources */,
			);
			buildRules = (
			);
			dependencies = (
				4F812BB619F0AC380090B044 /* PBXTargetDependency */,
			);
			name = SaviTests;
			productName = SaviTests;
			productReference = 4F812BB419F0AC380090B044 /* SaviTests.xctest */;
			productType = "com.apple.product-type.bundle.unit-test";
		};
/* End PBXNativeTarget section */

/* Begin PBXProject section */
		4F812B9019F0AC380090B044 /* Project object */ = {
			isa = PBXProject;
			attributes = {
				LastUpgradeCheck = 0600;
				ORGANIZATIONNAME = "Grupo Sellcom";
				TargetAttributes = {
					4F812B9719F0AC380090B044 = {
						CreatedOnToolsVersion = 6.0.1;
						DevelopmentTeam = H98479863S;
					};
					4F812BB319F0AC380090B044 = {
						CreatedOnToolsVersion = 6.0.1;
						TestTargetID = 4F812B9719F0AC380090B044;
					};
				};
			};
			buildConfigurationList = 4F812B9319F0AC380090B044 /* Build configuration list for PBXProject "Savi" */;
			compatibilityVersion = "Xcode 3.2";
			developmentRegion = English;
			hasScannedForEncodings = 0;
			knownRegions = (
				en,
				Base,
			);
			mainGroup = 4F812B8F19F0AC380090B044;
			productRefGroup = 4F812B9919F0AC380090B044 /* Products */;
			projectDirPath = "";
			projectRoot = "";
			targets = (
				4F812B9719F0AC380090B044 /* Savi */,
				4F812BB319F0AC380090B044 /* SaviTests */,
			);
		};
/* End PBXProject section */

/* Begin PBXResourcesBuildPhase section */
		4F812B9619F0AC380090B044 /* Resources */ = {
			isa = PBXResourcesBuildPhase;
			buildActionMask = 2147483647;
			files = (
				4F812BAA19F0AC380090B044 /* Main.storyboard in Resources */,
				4F812BAF19F0AC380090B044 /* LaunchScreen.xib in Resources */,
				4F812BAC19F0AC380090B044 /* Images.xcassets in Resources */,
			);
			runOnlyForDeploymentPostprocessing = 0;
		};
		4F812BB219F0AC380090B044 /* Resources */ = {
			isa = PBXResourcesBuildPhase;
			buildActionMask = 2147483647;
			files = (
			);
			runOnlyForDeploymentPostprocessing = 0;
		};
/* End PBXResourcesBuildPhase section */

/* Begin PBXShellScriptBuildPhase section */
		542B74CB18AD4ED28A1A9588 /* Check Pods Manifest.lock */ = {
			isa = PBXShellScriptBuildPhase;
			buildActionMask = 2147483647;
			files = (
			);
			inputPaths = (
			);
			name = "Check Pods Manifest.lock";
			outputPaths = (
			);
			runOnlyForDeploymentPostprocessing = 0;
			shellPath = /bin/sh;
			shellScript = "diff \"${PODS_ROOT}/../Podfile.lock\" \"${PODS_ROOT}/Manifest.lock\" > /dev/null\nif [[ $? != 0 ]] ; then\n    cat << EOM\nerror: The sandbox is not in sync with the Podfile.lock. Run 'pod install' or update your CocoaPods installation.\nEOM\n    exit 1\nfi\n";
			showEnvVarsInLog = 0;
		};
		D5C3B877E9B04403A03D90DD /* Copy Pods Resources */ = {
			isa = PBXShellScriptBuildPhase;
			buildActionMask = 2147483647;
			files = (
			);
			inputPaths = (
			);
			name = "Copy Pods Resources";
			outputPaths = (
			);
			runOnlyForDeploymentPostprocessing = 0;
			shellPath = /bin/sh;
			shellScript = "\"${SRCROOT}/Pods/Target Support Files/Pods/Pods-resources.sh\"\n";
			showEnvVarsInLog = 0;
		};
/* End PBXShellScriptBuildPhase section */

/* Begin PBXSourcesBuildPhase section */
		4F812B9419F0AC380090B044 /* Sources */ = {
			isa = PBXSourcesBuildPhase;
			buildActionMask = 2147483647;
			files = (
				8D7997B319F1981600BCF731 /* Savi.xcdatamodeld in Sources */,
				8D620D3819F648B5000112CD /* DetailViewController.m in Sources */,
				8D7997E619F46D8C00BCF731 /* ProductViewController.m in Sources */,
				4F5E157D19F8718A000D1567 /* _Submission.m in Sources */,
				4F952ED319F729E800ED4D8F /* Utility.m in Sources */,
				8D7997B619F1984700BCF731 /* SaviDataModel.m in Sources */,
				8D7997F619F4A00A00BCF731 /* ProductCell.m in Sources */,
				4F812BA119F0AC380090B044 /* AppDelegate.m in Sources */,
				4F5E158219F8718A000D1567 /* ProductDetail.m in Sources */,
				4F5E157A19F8718A000D1567 /* _Product.m in Sources */,
				8D7997F319F47FAC00BCF731 /* CompanyCell.m in Sources */,
				4F812B9E19F0AC380090B044 /* main.m in Sources */,
				8D620D3519F64198000112CD /* SubmissionViewController.m in Sources */,
				8D60407A19F6FD7500D1CC41 /* DTCustomColoredAccessory.m in Sources */,
				4F5E157819F8718A000D1567 /* _Company.m in Sources */,
				4F5E157919F8718A000D1567 /* _KeyDetail.m in Sources */,
				8D7997F019F4783E00BCF731 /* WebService.m in Sources */,
				8D620D2E19F631AD000112CD /* MenuViewController.m in Sources */,
				4F5E158419F8718A000D1567 /* Submission.m in Sources */,
				4F5E158319F8718A000D1567 /* Review.m in Sources */,
				4F5E157C19F8718A000D1567 /* _Review.m in Sources */,
				4F812BA719F0AC380090B044 /* InitialViewController.m in Sources */,
				4F5E157B19F8718A000D1567 /* _ProductDetail.m in Sources */,
				4F5E158119F8718A000D1567 /* Product.m in Sources */,
				4F5E157F19F8718A000D1567 /* Company.m in Sources */,
				4F5E158019F8718A000D1567 /* KeyDetail.m in Sources */,
				8DBD215019F94D4F001C403E /* ReviewViewController.m in Sources */,
			);
			runOnlyForDeploymentPostprocessing = 0;
		};
		4F812BB019F0AC380090B044 /* Sources */ = {
			isa = PBXSourcesBuildPhase;
			buildActionMask = 2147483647;
			files = (
				4F812BBB19F0AC380090B044 /* SaviTests.m in Sources */,
			);
			runOnlyForDeploymentPostprocessing = 0;
		};
/* End PBXSourcesBuildPhase section */

/* Begin PBXTargetDependency section */
		4F812BB619F0AC380090B044 /* PBXTargetDependency */ = {
			isa = PBXTargetDependency;
			target = 4F812B9719F0AC380090B044 /* Savi */;
			targetProxy = 4F812BB519F0AC380090B044 /* PBXContainerItemProxy */;
		};
/* End PBXTargetDependency section */

/* Begin PBXVariantGroup section */
		4F812BA819F0AC380090B044 /* Main.storyboard */ = {
			isa = PBXVariantGroup;
			children = (
				4F812BA919F0AC380090B044 /* Base */,
			);
			name = Main.storyboard;
			sourceTree = "<group>";
		};
		4F812BAD19F0AC380090B044 /* LaunchScreen.xib */ = {
			isa = PBXVariantGroup;
			children = (
				4F812BAE19F0AC380090B044 /* Base */,
			);
			name = LaunchScreen.xib;
			sourceTree = "<group>";
		};
/* End PBXVariantGroup section */

/* Begin XCBuildConfiguration section */
		4F812BBC19F0AC380090B044 /* Debug */ = {
			isa = XCBuildConfiguration;
			buildSettings = {
				ALWAYS_SEARCH_USER_PATHS = NO;
				CLANG_CXX_LANGUAGE_STANDARD = "gnu++0x";
				CLANG_CXX_LIBRARY = "libc++";
				CLANG_ENABLE_MODULES = YES;
				CLANG_ENABLE_OBJC_ARC = YES;
				CLANG_WARN_BOOL_CONVERSION = YES;
				CLANG_WARN_CONSTANT_CONVERSION = YES;
				CLANG_WARN_DIRECT_OBJC_ISA_USAGE = YES_ERROR;
				CLANG_WARN_EMPTY_BODY = YES;
				CLANG_WARN_ENUM_CONVERSION = YES;
				CLANG_WARN_INT_CONVERSION = YES;
				CLANG_WARN_OBJC_ROOT_CLASS = YES_ERROR;
				CLANG_WARN_UNREACHABLE_CODE = YES;
				CLANG_WARN__DUPLICATE_METHOD_MATCH = YES;
				"CODE_SIGN_IDENTITY[sdk=iphoneos*]" = "iPhone Developer";
				COPY_PHASE_STRIP = NO;
				ENABLE_STRICT_OBJC_MSGSEND = YES;
				GCC_C_LANGUAGE_STANDARD = gnu99;
				GCC_DYNAMIC_NO_PIC = NO;
				GCC_OPTIMIZATION_LEVEL = 0;
				GCC_PREPROCESSOR_DEFINITIONS = (
					"DEBUG=1",
					"$(inherited)",
				);
				GCC_SYMBOLS_PRIVATE_EXTERN = NO;
				GCC_WARN_64_TO_32_BIT_CONVERSION = YES;
				GCC_WARN_ABOUT_RETURN_TYPE = YES_ERROR;
				GCC_WARN_UNDECLARED_SELECTOR = YES;
				GCC_WARN_UNINITIALIZED_AUTOS = YES_AGGRESSIVE;
				GCC_WARN_UNUSED_FUNCTION = YES;
				GCC_WARN_UNUSED_VARIABLE = YES;
				IPHONEOS_DEPLOYMENT_TARGET = 7.0;
				MTL_ENABLE_DEBUG_INFO = YES;
				ONLY_ACTIVE_ARCH = YES;
				SDKROOT = iphoneos;
				TARGETED_DEVICE_FAMILY = 2;
			};
			name = Debug;
		};
		4F812BBD19F0AC380090B044 /* Release */ = {
			isa = XCBuildConfiguration;
			buildSettings = {
				ALWAYS_SEARCH_USER_PATHS = NO;
				CLANG_CXX_LANGUAGE_STANDARD = "gnu++0x";
				CLANG_CXX_LIBRARY = "libc++";
				CLANG_ENABLE_MODULES = YES;
				CLANG_ENABLE_OBJC_ARC = YES;
				CLANG_WARN_BOOL_CONVERSION = YES;
				CLANG_WARN_CONSTANT_CONVERSION = YES;
				CLANG_WARN_DIRECT_OBJC_ISA_USAGE = YES_ERROR;
				CLANG_WARN_EMPTY_BODY = YES;
				CLANG_WARN_ENUM_CONVERSION = YES;
				CLANG_WARN_INT_CONVERSION = YES;
				CLANG_WARN_OBJC_ROOT_CLASS = YES_ERROR;
				CLANG_WARN_UNREACHABLE_CODE = YES;
				CLANG_WARN__DUPLICATE_METHOD_MATCH = YES;
				"CODE_SIGN_IDENTITY[sdk=iphoneos*]" = "iPhone Developer";
				COPY_PHASE_STRIP = YES;
				ENABLE_NS_ASSERTIONS = NO;
				ENABLE_STRICT_OBJC_MSGSEND = YES;
				GCC_C_LANGUAGE_STANDARD = gnu99;
				GCC_WARN_64_TO_32_BIT_CONVERSION = YES;
				GCC_WARN_ABOUT_RETURN_TYPE = YES_ERROR;
				GCC_WARN_UNDECLARED_SELECTOR = YES;
				GCC_WARN_UNINITIALIZED_AUTOS = YES_AGGRESSIVE;
				GCC_WARN_UNUSED_FUNCTION = YES;
				GCC_WARN_UNUSED_VARIABLE = YES;
				IPHONEOS_DEPLOYMENT_TARGET = 7.0;
				MTL_ENABLE_DEBUG_INFO = NO;
				SDKROOT = iphoneos;
				TARGETED_DEVICE_FAMILY = 2;
				VALIDATE_PRODUCT = YES;
			};
			name = Release;
		};
		4F812BBF19F0AC380090B044 /* Debug */ = {
			isa = XCBuildConfiguration;
			baseConfigurationReference = A8F2FD43F31B10B27B3F880A /* Pods.debug.xcconfig */;
			buildSettings = {
				ASSETCATALOG_COMPILER_APPICON_NAME = AppIcon;
				CODE_SIGN_IDENTITY = "iPhone Distribution: Sellcom Solutions México, S.A. de C.V.";
				INFOPLIST_FILE = Savi/Info.plist;
				LD_RUNPATH_SEARCH_PATHS = "$(inherited) @executable_path/Frameworks";
				PRODUCT_NAME = "$(TARGET_NAME)";
				PROVISIONING_PROFILE = "0c2ad31a-ea69-4f70-8b98-1e6872787f4d";
			};
			name = Debug;
		};
		4F812BC019F0AC380090B044 /* Release */ = {
			isa = XCBuildConfiguration;
			baseConfigurationReference = 3578BB49B361EEB43DBF2819 /* Pods.release.xcconfig */;
			buildSettings = {
				ASSETCATALOG_COMPILER_APPICON_NAME = AppIcon;
				CODE_SIGN_IDENTITY = "iPhone Distribution: Sellcom Solutions México, S.A. de C.V.";
				INFOPLIST_FILE = Savi/Info.plist;
				LD_RUNPATH_SEARCH_PATHS = "$(inherited) @executable_path/Frameworks";
				PRODUCT_NAME = "$(TARGET_NAME)";
				PROVISIONING_PROFILE = "0c2ad31a-ea69-4f70-8b98-1e6872787f4d";
			};
			name = Release;
		};
		4F812BC219F0AC380090B044 /* Debug */ = {
			isa = XCBuildConfiguration;
			buildSettings = {
				BUNDLE_LOADER = "$(TEST_HOST)";
				FRAMEWORK_SEARCH_PATHS = (
					"$(SDKROOT)/Developer/Library/Frameworks",
					"$(inherited)",
				);
				GCC_PREPROCESSOR_DEFINITIONS = (
					"DEBUG=1",
					"$(inherited)",
				);
				INFOPLIST_FILE = SaviTests/Info.plist;
				LD_RUNPATH_SEARCH_PATHS = "$(inherited) @executable_path/Frameworks @loader_path/Frameworks";
				PRODUCT_NAME = "$(TARGET_NAME)";
				TEST_HOST = "$(BUILT_PRODUCTS_DIR)/Savi.app/Savi";
			};
			name = Debug;
		};
		4F812BC319F0AC380090B044 /* Release */ = {
			isa = XCBuildConfiguration;
			buildSettings = {
				BUNDLE_LOADER = "$(TEST_HOST)";
				FRAMEWORK_SEARCH_PATHS = (
					"$(SDKROOT)/Developer/Library/Frameworks",
					"$(inherited)",
				);
				INFOPLIST_FILE = SaviTests/Info.plist;
				LD_RUNPATH_SEARCH_PATHS = "$(inherited) @executable_path/Frameworks @loader_path/Frameworks";
				PRODUCT_NAME = "$(TARGET_NAME)";
				TEST_HOST = "$(BUILT_PRODUCTS_DIR)/Savi.app/Savi";
			};
			name = Release;
		};
/* End XCBuildConfiguration section */

/* Begin XCConfigurationList section */
		4F812B9319F0AC380090B044 /* Build configuration list for PBXProject "Savi" */ = {
			isa = XCConfigurationList;
			buildConfigurations = (
				4F812BBC19F0AC380090B044 /* Debug */,
				4F812BBD19F0AC380090B044 /* Release */,
			);
			defaultConfigurationIsVisible = 0;
			defaultConfigurationName = Release;
		};
		4F812BBE19F0AC380090B044 /* Build configuration list for PBXNativeTarget "Savi" */ = {
			isa = XCConfigurationList;
			buildConfigurations = (
				4F812BBF19F0AC380090B044 /* Debug */,
				4F812BC019F0AC380090B044 /* Release */,
			);
			defaultConfigurationIsVisible = 0;
			defaultConfigurationName = Release;
		};
		4F812BC119F0AC380090B044 /* Build configuration list for PBXNativeTarget "SaviTests" */ = {
			isa = XCConfigurationList;
			buildConfigurations = (
				4F812BC219F0AC380090B044 /* Debug */,
				4F812BC319F0AC380090B044 /* Release */,
			);
			defaultConfigurationIsVisible = 0;
			defaultConfigurationName = Release;
		};
/* End XCConfigurationList section */

/* Begin XCVersionGroup section */
		8D7997B119F1981600BCF731 /* Savi.xcdatamodeld */ = {
			isa = XCVersionGroup;
			children = (
				8D7997B219F1981600BCF731 /* Savi.xcdatamodel */,
			);
			currentVersion = 8D7997B219F1981600BCF731 /* Savi.xcdatamodel */;
			path = Savi.xcdatamodeld;
			sourceTree = "<group>";
			versionGroupType = wrapper.xcdatamodel;
		};
/* End XCVersionGroup section */
	};
	rootObject = 4F812B9019F0AC380090B044 /* Project object */;
}
